
Microsoft Visual Studio Solution File, Format Version 12.00
# Visual Studio Version 16
VisualStudioVersion = 16.0.29926.136
MinimumVisualStudioVersion = 10.0.40219.1
Project("{FAE04EC0-301F-11D3-BF4B-00C04F79EFBC}") = "ConsoleApp2", "ConsoleApp2.csproj", "{1E2FF8CC-9AFB-48A9-BF5C-1A7E8EF6AC59}"
EndProject
Global
	GlobalSection(SolutionConfigurationPlatforms) = preSolution
		Debug|Any CPU = Debug|Any CPU
		Release|Any CPU = Release|Any CPU
	EndGlobalSection
	GlobalSection(ProjectConfigurationPlatforms) = postSolution
		{1E2FF8CC-9AFB-48A9-BF5C-1A7E8EF6AC59}.Debug|Any CPU.ActiveCfg = Debug|Any CPU
		{1E2FF8CC-9AFB-48A9-BF5C-1A7E8EF6AC59}.Debug|Any CPU.Build.0 = Debug|Any CPU
		{1E2FF8CC-9AFB-48A9-BF5C-1A7E8EF6AC59}.Release|Any CPU.ActiveCfg = Release|Any CPU
		{1E2FF8CC-9AFB-48A9-BF5C-1A7E8EF6AC59}.Release|Any CPU.Build.0 = Release|Any CPU
	EndGlobalSection
	GlobalSection(SolutionProperties) = preSolution
		HideSolutionNode = FALSE
	EndGlobalSection
	GlobalSection(ExtensibilityGlobals) = postSolution
		SolutionGuid = {66A3BDAB-5168-4ACE-8911-0D62BBF8F64A}
	EndGlobalSection
EndGlobal
